
Microsoft Visual Studio Solution File, Format Version 12.00
# Visual Studio Version 17
VisualStudioVersion = 17.4.33213.308
MinimumVisualStudioVersion = 10.0.40219.1
Project("{2150E333-8FDC-42A3-9474-1A3956D46DE8}") = "src", "src", "{A1000000-0000-0000-0000-000000000001}"
EndProject
Project("{2150E333-8FDC-42A3-9474-1A3956D46DE8}") = "tests", "tests", "{A2000000-0000-0000-0000-000000000002}"
EndProject
Project("{FAE04EC0-301F-11D3-BF4B-00C04F79EFBC}") = "Gateway.App", "src\Gateway.App\Gateway.App.csproj", "{21BEED88-825E-432D-A287-E5A5C34B3C95}"
EndProject
Project("{FAE04EC0-301F-11D3-BF4B-00C04F79EFBC}") = "Gateway.Configuration", "src\Gateway.Configuration\Gateway.Configuration.csproj", "{18C38A2E-E255-4CED-9C58-EA1A1A89BBA2}"
EndProject
Project("{FAE04EC0-301F-11D3-BF4B-00C04F79EFBC}") = "Gateway.Core", "src\Gateway.Core\Gateway.Core.csproj", "{1C335764-5185-4800-93E6-818B91A1DF5B}"
EndProject
Project("{FAE04EC0-301F-11D3-BF4B-00C04F79EFBC}") = "Gateway.Devices", "src\Gateway.Devices\Gateway.Devices.csproj", "{0D19062D-E626-478B-868D-B9CDBBBE6BBD}"
EndProject
Project("{FAE04EC0-301F-11D3-BF4B-00C04F79EFBC}") = "Gateway.Ethernet", "src\Gateway.Ethernet\Gateway.Ethernet.csproj", "{C49358DE-D5C3-4DA1-94F1-1AC5615F5B39}"
EndProject
Project("{FAE04EC0-301F-11D3-BF4B-00C04F79EFBC}") = "Gateway.Harness", "src\Gateway.Harness\Gateway.Harness.csproj", "{19916413-93E7-44C9-8F2C-9059568646AE}"
EndProject
Project("{FAE04EC0-301F-11D3-BF4B-00C04F79EFBC}") = "Gateway.Icd", "src\Gateway.Icd\Gateway.Icd.csproj", "{8C9B51C4-711C-4B20-9901-DC74D0EDC6F9}"
EndProject
Project("{FAE04EC0-301F-11D3-BF4B-00C04F79EFBC}") = "Gateway.Peers", "src\Gateway.Peers\Gateway.Peers.csproj", "{95BFC129-1744-4F1D-9C46-654F00A60B7C}"
EndProject
Project("{FAE04EC0-301F-11D3-BF4B-00C04F79EFBC}") = "Gateway.Verification", "src\Gateway.Verification\Gateway.Verification.csproj", "{86DF5E88-B1C3-4E11-9CB8-146EBC255FAF}"
EndProject
Project("{FAE04EC0-301F-11D3-BF4B-00C04F79EFBC}") = "Gateway.Protocol", "src\Gateway.Protocol\Gateway.Protocol.csproj", "{BE8998A3-26D7-4C15-B1B5-48C266B7DD00}"
EndProject
Project("{FAE04EC0-301F-11D3-BF4B-00C04F79EFBC}") = "Gateway.Devices.Tests", "tests\Gateway.Devices.Tests\Gateway.Devices.Tests.csproj", "{F4E1573C-DD10-4984-863A-18180827B4FC}"
EndProject
Global
	GlobalSection(SolutionConfigurationPlatforms) = preSolution
		Debug|Any CPU = Debug|Any CPU
		Release|Any CPU = Release|Any CPU
	EndGlobalSection
	GlobalSection(ProjectConfigurationPlatforms) = postSolution
		{21BEED88-825E-432D-A287-E5A5C34B3C95}.Debug|Any CPU.ActiveCfg = Debug|Any CPU
		{21BEED88-825E-432D-A287-E5A5C34B3C95}.Debug|Any CPU.Build.0 = Debug|Any CPU
		{21BEED88-825E-432D-A287-E5A5C34B3C95}.Release|Any CPU.ActiveCfg = Release|Any CPU
		{21BEED88-825E-432D-A287-E5A5C34B3C95}.Release|Any CPU.Build.0 = Release|Any CPU
		{18C38A2E-E255-4CED-9C58-EA1A1A89BBA2}.Debug|Any CPU.ActiveCfg = Debug|Any CPU
		{18C38A2E-E255-4CED-9C58-EA1A1A89BBA2}.Debug|Any CPU.Build.0 = Debug|Any CPU
		{18C38A2E-E255-4CED-9C58-EA1A1A89BBA2}.Release|Any CPU.ActiveCfg = Release|Any CPU
		{18C38A2E-E255-4CED-9C58-EA1A1A89BBA2}.Release|Any CPU.Build.0 = Release|Any CPU
		{1C335764-5185-4800-93E6-818B91A1DF5B}.Debug|Any CPU.ActiveCfg = Debug|Any CPU
		{1C335764-5185-4800-93E6-818B91A1DF5B}.Debug|Any CPU.Build.0 = Debug|Any CPU
		{1C335764-5185-4800-93E6-818B91A1DF5B}.Release|Any CPU.ActiveCfg = Release|Any CPU
		{1C335764-5185-4800-93E6-818B91A1DF5B}.Release|Any CPU.Build.0 = Release|Any CPU
		{0D19062D-E626-478B-868D-B9CDBBBE6BBD}.Debug|Any CPU.ActiveCfg = Debug|Any CPU
		{0D19062D-E626-478B-868D-B9CDBBBE6BBD}.Debug|Any CPU.Build.0 = Debug|Any CPU
		{0D19062D-E626-478B-868D-B9CDBBBE6BBD}.Release|Any CPU.ActiveCfg = Release|Any CPU
		{0D19062D-E626-478B-868D-B9CDBBBE6BBD}.Release|Any CPU.Build.0 = Release|Any CPU
		{C49358DE-D5C3-4DA1-94F1-1AC5615F5B39}.Debug|Any CPU.ActiveCfg = Debug|Any CPU
		{C49358DE-D5C3-4DA1-94F1-1AC5615F5B39}.Debug|Any CPU.Build.0 = Debug|Any CPU
		{C49358DE-D5C3-4DA1-94F1-1AC5615F5B39}.Release|Any CPU.ActiveCfg = Release|Any CPU
		{C49358DE-D5C3-4DA1-94F1-1AC5615F5B39}.Release|Any CPU.Build.0 = Release|Any CPU
		{19916413-93E7-44C9-8F2C-9059568646AE}.Debug|Any CPU.ActiveCfg = Debug|Any CPU
		{19916413-93E7-44C9-8F2C-9059568646AE}.Debug|Any CPU.Build.0 = Debug|Any CPU
		{19916413-93E7-44C9-8F2C-9059568646AE}.Release|Any CPU.ActiveCfg = Release|Any CPU
		{19916413-93E7-44C9-8F2C-9059568646AE}.Release|Any CPU.Build.0 = Release|Any CPU
		{8C9B51C4-711C-4B20-9901-DC74D0EDC6F9}.Debug|Any CPU.ActiveCfg = Debug|Any CPU
		{8C9B51C4-711C-4B20-9901-DC74D0EDC6F9}.Debug|Any CPU.Build.0 = Debug|Any CPU
		{8C9B51C4-711C-4B20-9901-DC74D0EDC6F9}.Release|Any CPU.ActiveCfg = Release|Any CPU
		{8C9B51C4-711C-4B20-9901-DC74D0EDC6F9}.Release|Any CPU.Build.0 = Release|Any CPU
		{95BFC129-1744-4F1D-9C46-654F00A60B7C}.Debug|Any CPU.ActiveCfg = Debug|Any CPU
		{95BFC129-1744-4F1D-9C46-654F00A60B7C}.Debug|Any CPU.Build.0 = Debug|Any CPU
		{95BFC129-1744-4F1D-9C46-654F00A60B7C}.Release|Any CPU.ActiveCfg = Release|Any CPU
		{95BFC129-1744-4F1D-9C46-654F00A60B7C}.Release|Any CPU.Build.0 = Release|Any CPU
		{86DF5E88-B1C3-4E11-9CB8-146EBC255FAF}.Debug|Any CPU.ActiveCfg = Debug|Any CPU
		{86DF5E88-B1C3-4E11-9CB8-146EBC255FAF}.Debug|Any CPU.Build.0 = Debug|Any CPU
		{86DF5E88-B1C3-4E11-9CB8-146EBC255FAF}.Release|Any CPU.ActiveCfg = Release|Any CPU
		{86DF5E88-B1C3-4E11-9CB8-146EBC255FAF}.Release|Any CPU.Build.0 = Release|Any CPU
		{BE8998A3-26D7-4C15-B1B5-48C266B7DD00}.Debug|Any CPU.ActiveCfg = Debug|Any CPU
		{BE8998A3-26D7-4C15-B1B5-48C266B7DD00}.Debug|Any CPU.Build.0 = Debug|Any CPU
		{BE8998A3-26D7-4C15-B1B5-48C266B7DD00}.Release|Any CPU.ActiveCfg = Release|Any CPU
		{BE8998A3-26D7-4C15-B1B5-48C266B7DD00}.Release|Any CPU.Build.0 = Release|Any CPU
		{F4E1573C-DD10-4984-863A-18180827B4FC}.Debug|Any CPU.ActiveCfg = Debug|Any CPU
		{F4E1573C-DD10-4984-863A-18180827B4FC}.Debug|Any CPU.Build.0 = Debug|Any CPU
		{F4E1573C-DD10-4984-863A-18180827B4FC}.Release|Any CPU.ActiveCfg = Release|Any CPU
		{F4E1573C-DD10-4984-863A-18180827B4FC}.Release|Any CPU.Build.0 = Release|Any CPU
	EndGlobalSection
	GlobalSection(SolutionProperties) = preSolution
		HideSolutionNode = FALSE
	EndGlobalSection
	GlobalSection(NestedProjects) = preSolution
		{21BEED88-825E-432D-A287-E5A5C34B3C95} = {A1000000-0000-0000-0000-000000000001}
		{18C38A2E-E255-4CED-9C58-EA1A1A89BBA2} = {A1000000-0000-0000-0000-000000000001}
		{1C335764-5185-4800-93E6-818B91A1DF5B} = {A1000000-0000-0000-0000-000000000001}
		{0D19062D-E626-478B-868D-B9CDBBBE6BBD} = {A1000000-0000-0000-0000-000000000001}
		{C49358DE-D5C3-4DA1-94F1-1AC5615F5B39} = {A1000000-0000-0000-0000-000000000001}
		{19916413-93E7-44C9-8F2C-9059568646AE} = {A1000000-0000-0000-0000-000000000001}
		{8C9B51C4-711C-4B20-9901-DC74D0EDC6F9} = {A1000000-0000-0000-0000-000000000001}
		{95BFC129-1744-4F1D-9C46-654F00A60B7C} = {A1000000-0000-0000-0000-000000000001}
		{86DF5E88-B1C3-4E11-9CB8-146EBC255FAF} = {A1000000-0000-0000-0000-000000000001}
		{BE8998A3-26D7-4C15-B1B5-48C266B7DD00} = {A1000000-0000-0000-0000-000000000001}
		{F4E1573C-DD10-4984-863A-18180827B4FC} = {A2000000-0000-0000-0000-000000000002}
	EndGlobalSection
EndGlobal
